{
	"name": "offload",
	"version": "0.0.1",
	"lockfileVersion": 1,
	"requires": true,
	"dependencies": {
		"async-limiter": {
			"version": "1.0.0",
			"resolved": "https://registry.npmjs.org/async-limiter/-/async-limiter-1.0.0.tgz",
			"integrity": "sha512-jp/uFnooOiO+L211eZOoSyzpOITMXx1rBITauYykG3BRYPu8h0UcxsPNB04RR5vo4Tyz3+ay17tR6JVf9qzYWg=="
		},
		"balanced-match": {
			"version": "1.0.0",
			"resolved": "https://registry.npmjs.org/balanced-match/-/balanced-match-1.0.0.tgz",
			"integrity": "sha1-ibTRmasr7kneFk6gK4nORi1xt2c="
		},
		"brace-expansion": {
			"version": "1.1.11",
			"resolved": "https://registry.npmjs.org/brace-expansion/-/brace-expansion-1.1.11.tgz",
			"integrity": "sha512-iCuPHDFgrHX7H2vEI/5xpz07zSHB00TpugqhmYtVmMO6518mCuRMoOYFldEBl0g187ufozdaHgWKcYFb61qGiA==",
			"requires": {
				"balanced-match": "^1.0.0",
				"concat-map": "0.0.1"
			}
		},
		"bufferview": {
			"version": "1.0.1",
			"resolved": "https://registry.npmjs.org/bufferview/-/bufferview-1.0.1.tgz",
			"integrity": "sha1-ev10pF+Tf6QiodM4wIu/3HbNcl0="
		},
		"bytebuffer": {
			"version": "3.5.5",
			"resolved": "https://registry.npmjs.org/bytebuffer/-/bytebuffer-3.5.5.tgz",
			"integrity": "sha1-em+vGhNRSwg/H8+VQcTJv75+f9M=",
			"requires": {
				"bufferview": "~1",
				"long": "~2 >=2.2.3"
			}
		},
		"concat-map": {
			"version": "0.0.1",
			"resolved": "https://registry.npmjs.org/concat-map/-/concat-map-0.0.1.tgz",
			"integrity": "sha1-2Klr13/Wjfd5OnMDajug1UBdR3s="
		},
		"es6-promise": {
			"version": "2.3.0",
			"resolved": "http://registry.npmjs.org/es6-promise/-/es6-promise-2.3.0.tgz",
			"integrity": "sha1-lu258v2wGZWCKyY92KratnSBgbw="
		},
		"file-type": {
			"version": "9.0.0",
			"resolved": "https://registry.npmjs.org/file-type/-/file-type-9.0.0.tgz",
			"integrity": "sha512-Qe/5NJrgIOlwijpq3B7BEpzPFcgzggOTagZmkXQY4LA6bsXKTUstK7Wp12lEJ/mLKTpvIZxmIuRcLYWT6ov9lw=="
		},
		"graceful-fs": {
			"version": "4.1.11",
			"resolved": "https://registry.npmjs.org/graceful-fs/-/graceful-fs-4.1.11.tgz",
			"integrity": "sha1-Dovf5NHduIVNZOBOp8AOKgJuVlg="
		},
		"ip": {
			"version": "1.1.5",
			"resolved": "https://registry.npmjs.org/ip/-/ip-1.1.5.tgz",
			"integrity": "sha1-vd7XARQpCCjAoDnnLvJfWq7ENUo="
		},
		"is-utf8": {
			"version": "0.2.1",
			"resolved": "https://registry.npmjs.org/is-utf8/-/is-utf8-0.2.1.tgz",
			"integrity": "sha1-Sw2hRCEE0bM2NA6AeX6GXPOffXI="
		},
		"long": {
			"version": "2.4.0",
			"resolved": "https://registry.npmjs.org/long/-/long-2.4.0.tgz",
			"integrity": "sha1-n6GAux2VAM3CnEFWdmoZleH0Uk8="
		},
		"minimatch": {
			"version": "3.0.4",
			"resolved": "https://registry.npmjs.org/minimatch/-/minimatch-3.0.4.tgz",
			"integrity": "sha512-yJHVQEhyqPLUTgt9B83PXu6W3rx4MvvHvSUvToogpwoGDOUQ+yDrR0HRot+yOCdCO7u4hX3pWft6kWBBcqh0UA==",
			"requires": {
				"brace-expansion": "^1.1.7"
			}
		},
		"performance-now": {
			"version": "2.1.0",
			"resolved": "https://registry.npmjs.org/performance-now/-/performance-now-2.1.0.tgz",
			"integrity": "sha1-Ywn04OX6kT7BxpMHrjZLSzd8nns="
		},
		"pson": {
			"version": "2.0.0",
			"resolved": "https://registry.npmjs.org/pson/-/pson-2.0.0.tgz",
			"integrity": "sha1-kgCot5VKU/B3PjZo2wNBJkWVOHo=",
			"requires": {
				"bytebuffer": "~3"
			}
		},
		"read-files-promise": {
			"version": "1.1.1",
			"resolved": "https://registry.npmjs.org/read-files-promise/-/read-files-promise-1.1.1.tgz",
			"integrity": "sha1-EDMf3oa87RljXrkn/wz8z+GLSRs=",
			"requires": {
				"read-multiple-files": "^1.1.1",
				"wrap-promise": "^1.0.1"
			}
		},
		"read-multiple-files": {
			"version": "1.1.1",
			"resolved": "https://registry.npmjs.org/read-multiple-files/-/read-multiple-files-1.1.1.tgz",
			"integrity": "sha1-TA55+hp90d05w+j2yZ4ZxmcC5n4=",
			"requires": {
				"graceful-fs": "^4.1.2",
				"run-parallel": "^1.1.2",
				"strip-bom": "^2.0.0"
			}
		},
		"recursive-readdir": {
			"version": "2.2.2",
			"resolved": "https://registry.npmjs.org/recursive-readdir/-/recursive-readdir-2.2.2.tgz",
			"integrity": "sha512-nRCcW9Sj7NuZwa2XvH9co8NPeXUBhZP7CRKJtU+cS6PW9FpCIFoI5ib0NT1ZrbNuPoRy0ylyCaUL8Gih4LSyFg==",
			"requires": {
				"minimatch": "3.0.4"
			}
		},
		"run-parallel": {
			"version": "1.1.9",
			"resolved": "https://registry.npmjs.org/run-parallel/-/run-parallel-1.1.9.tgz",
			"integrity": "sha512-DEqnSRTDw/Tc3FXf49zedI638Z9onwUotBMiUFKmrO2sdFKIbXamXGQ3Axd4qgphxKB4kw/qP1w5kTxnfU1B9Q=="
		},
		"strip-bom": {
			"version": "2.0.0",
			"resolved": "https://registry.npmjs.org/strip-bom/-/strip-bom-2.0.0.tgz",
			"integrity": "sha1-YhmoVhZSBJHzV4i9vxRHqZx+aw4=",
			"requires": {
				"is-utf8": "^0.2.0"
			}
		},
		"wrap-promise": {
			"version": "1.0.1",
			"resolved": "https://registry.npmjs.org/wrap-promise/-/wrap-promise-1.0.1.tgz",
			"integrity": "sha1-sBn0I2zL8ftWCSG0tIcLe9ovUlU=",
			"requires": {
				"es6-promise": "^2.3.0"
			}
		},
		"ws": {
			"version": "5.2.2",
			"resolved": "https://registry.npmjs.org/ws/-/ws-5.2.2.tgz",
			"integrity": "sha512-jaHFD6PFv6UgoIVda6qZllptQsMlDEJkTQcybzzXDYM1XO9Y8em691FGMPmM46WGyLU4z9KMgQN+qrux/nhlHA==",
			"requires": {
				"async-limiter": "~1.0.0"
			}
		}
	}
}
